
Microsoft Visual Studio Solution File, Format Version 12.00
# Visual Studio Version 16
VisualStudioVersion = 16.0.34729.46
MinimumVisualStudioVersion = 10.0.40219.1
Project("{FAE04EC0-301F-11D3-BF4B-00C04F79EFBC}") = "Ex02_ConsoleUi", "Ex02_ConsoleUi\Ex02_ConsoleUi.csproj", "{CD715CDC-B1E9-4DBD-BCA0-C9AC66D92630}"
EndProject
Project("{FAE04EC0-301F-11D3-BF4B-00C04F79EFBC}") = "Ex02_System", "Ex02_System\Ex02_System.csproj", "{5A55B58F-E87E-4CDF-8F9F-A6FD3397E13E}"
EndProject
Global
	GlobalSection(SolutionConfigurationPlatforms) = preSolution
		Debug|Any CPU = Debug|Any CPU
		Release|Any CPU = Release|Any CPU
	EndGlobalSection
	GlobalSection(ProjectConfigurationPlatforms) = postSolution
		{CD715CDC-B1E9-4DBD-BCA0-C9AC66D92630}.Debug|Any CPU.ActiveCfg = Debug|Any CPU
		{CD715CDC-B1E9-4DBD-BCA0-C9AC66D92630}.Debug|Any CPU.Build.0 = Debug|Any CPU
		{CD715CDC-B1E9-4DBD-BCA0-C9AC66D92630}.Release|Any CPU.ActiveCfg = Release|Any CPU
		{CD715CDC-B1E9-4DBD-BCA0-C9AC66D92630}.Release|Any CPU.Build.0 = Release|Any CPU
		{5A55B58F-E87E-4CDF-8F9F-A6FD3397E13E}.Debug|Any CPU.ActiveCfg = Debug|Any CPU
		{5A55B58F-E87E-4CDF-8F9F-A6FD3397E13E}.Debug|Any CPU.Build.0 = Debug|Any CPU
		{5A55B58F-E87E-4CDF-8F9F-A6FD3397E13E}.Release|Any CPU.ActiveCfg = Release|Any CPU
		{5A55B58F-E87E-4CDF-8F9F-A6FD3397E13E}.Release|Any CPU.Build.0 = Release|Any CPU
	EndGlobalSection
	GlobalSection(SolutionProperties) = preSolution
		HideSolutionNode = FALSE
	EndGlobalSection
	GlobalSection(ExtensibilityGlobals) = postSolution
		SolutionGuid = {E133E7E4-0880-40AA-BD44-67D4AE6AB905}
	EndGlobalSection
EndGlobal
